// !$*UTF8*$!
{
	archiveVersion = 1;
	classes = {
	};
	objectVersion = 50;
	objects = {

/* Begin PBXBuildFile section */
		078062962697D03A00F55076 /* UIImage+Extensions.swift in Sources */ = {isa = PBXBuildFile; fileRef = 078062952697D03A00F55076 /* UIImage+Extensions.swift */; };
		07B791B72697682400CCEA3D /* AppDelegate.swift in Sources */ = {isa = PBXBuildFile; fileRef = 07B791B62697682400CCEA3D /* AppDelegate.swift */; };
		07B791BB2697682400CCEA3D /* PlacesListViewController.swift in Sources */ = {isa = PBXBuildFile; fileRef = 07B791BA2697682400CCEA3D /* PlacesListViewController.swift */; };
		07B791C02697682600CCEA3D /* Assets.xcassets in Resources */ = {isa = PBXBuildFile; fileRef = 07B791BF2697682600CCEA3D /* Assets.xcassets */; };
		07B791C32697682600CCEA3D /* LaunchScreen.storyboard in Resources */ = {isa = PBXBuildFile; fileRef = 07B791C12697682600CCEA3D /* LaunchScreen.storyboard */; };
		07B791CE2697682700CCEA3D /* CrummyMapTests.swift in Sources */ = {isa = PBXBuildFile; fileRef = 07B791CD2697682700CCEA3D /* CrummyMapTests.swift */; };
		07B791D92697682700CCEA3D /* CrummyMapUITests.swift in Sources */ = {isa = PBXBuildFile; fileRef = 07B791D82697682700CCEA3D /* CrummyMapUITests.swift */; };
		07B791FA26976A1F00CCEA3D /* Coordinator.swift in Sources */ = {isa = PBXBuildFile; fileRef = 07B791F926976A1F00CCEA3D /* Coordinator.swift */; };
		07B7920226976A9500CCEA3D /* ViewControllerFactory.swift in Sources */ = {isa = PBXBuildFile; fileRef = 07B7920126976A9500CCEA3D /* ViewControllerFactory.swift */; };
		07B7920726976B0200CCEA3D /* PlacesListPresenter.swift in Sources */ = {isa = PBXBuildFile; fileRef = 07B7920626976B0200CCEA3D /* PlacesListPresenter.swift */; };
		07B7920C26976B0C00CCEA3D /* PlacesListContract.swift in Sources */ = {isa = PBXBuildFile; fileRef = 07B7920B26976B0C00CCEA3D /* PlacesListContract.swift */; };
		07B7921126976B1700CCEA3D /* PlacesListView.swift in Sources */ = {isa = PBXBuildFile; fileRef = 07B7921026976B1700CCEA3D /* PlacesListView.swift */; };
		07B7921926976B9100CCEA3D /* PlacesListCoordinator.swift in Sources */ = {isa = PBXBuildFile; fileRef = 07B7921826976B9100CCEA3D /* PlacesListCoordinator.swift */; };
		07B792462697785900CCEA3D /* APIClient.swift in Sources */ = {isa = PBXBuildFile; fileRef = 07B792452697785900CCEA3D /* APIClient.swift */; };
		07B7924C2697788200CCEA3D /* APIClientProtocol.swift in Sources */ = {isa = PBXBuildFile; fileRef = 07B7924B2697788200CCEA3D /* APIClientProtocol.swift */; };
		07B792542697789600CCEA3D /* APIResponse.swift in Sources */ = {isa = PBXBuildFile; fileRef = 07B792532697789600CCEA3D /* APIResponse.swift */; };
		07B79259269778A700CCEA3D /* APIError.swift in Sources */ = {isa = PBXBuildFile; fileRef = 07B79258269778A700CCEA3D /* APIError.swift */; };
		07B79264269778D300CCEA3D /* APIDecoder.swift in Sources */ = {isa = PBXBuildFile; fileRef = 07B79263269778D300CCEA3D /* APIDecoder.swift */; };
		07B7926A269778F000CCEA3D /* Localizable.strings in Resources */ = {isa = PBXBuildFile; fileRef = 07B79269269778F000CCEA3D /* Localizable.strings */; };
		07B792722697791700CCEA3D /* String+Extensions.swift in Sources */ = {isa = PBXBuildFile; fileRef = 07B792712697791700CCEA3D /* String+Extensions.swift */; };
		07B7927B2697793800CCEA3D /* Place.swift in Sources */ = {isa = PBXBuildFile; fileRef = 07B7927A2697793800CCEA3D /* Place.swift */; };
		07B7929226978C7400CCEA3D /* PlacesListTableViewCell.swift in Sources */ = {isa = PBXBuildFile; fileRef = 07B7929126978C7400CCEA3D /* PlacesListTableViewCell.swift */; };
		07B7929F2697A11A00CCEA3D /* PlaceDetailView.swift in Sources */ = {isa = PBXBuildFile; fileRef = 07B7929E2697A11A00CCEA3D /* PlaceDetailView.swift */; };
		07B792A42697A12600CCEA3D /* PlaceDetailViewController.swift in Sources */ = {isa = PBXBuildFile; fileRef = 07B792A32697A12600CCEA3D /* PlaceDetailViewController.swift */; };
		07B792BB2697A6F900CCEA3D /* MultilineLabel.swift in Sources */ = {isa = PBXBuildFile; fileRef = 07B792BA2697A6F900CCEA3D /* MultilineLabel.swift */; };
		07B792CE2697CA3300CCEA3D /* SearchBar.swift in Sources */ = {isa = PBXBuildFile; fileRef = 07B792CD2697CA3300CCEA3D /* SearchBar.swift */; };
		07B792D72697CAA700CCEA3D /* TableView.swift in Sources */ = {isa = PBXBuildFile; fileRef = 07B792D62697CAA700CCEA3D /* TableView.swift */; };
		07B792E22697CE2F00CCEA3D /* ListPlaceholderStack.swift in Sources */ = {isa = PBXBuildFile; fileRef = 07B792E12697CE2F00CCEA3D /* ListPlaceholderStack.swift */; };
/* End PBXBuildFile section */

/* Begin PBXContainerItemProxy section */
		07B791CA2697682700CCEA3D /* PBXContainerItemProxy */ = {
			isa = PBXContainerItemProxy;
			containerPortal = 07B791AB2697682400CCEA3D /* Project object */;
			proxyType = 1;
			remoteGlobalIDString = 07B791B22697682400CCEA3D;
			remoteInfo = CrummyMap;
		};
		07B791D52697682700CCEA3D /* PBXContainerItemProxy */ = {
			isa = PBXContainerItemProxy;
			containerPortal = 07B791AB2697682400CCEA3D /* Project object */;
			proxyType = 1;
			remoteGlobalIDString = 07B791B22697682400CCEA3D;
			remoteInfo = CrummyMap;
		};
/* End PBXContainerItemProxy section */

/* Begin PBXFileReference section */
		078062952697D03A00F55076 /* UIImage+Extensions.swift */ = {isa = PBXFileReference; lastKnownFileType = sourcecode.swift; path = "UIImage+Extensions.swift"; sourceTree = "<group>"; };
		07B791B32697682400CCEA3D /* CrummyMap.app */ = {isa = PBXFileReference; explicitFileType = wrapper.application; includeInIndex = 0; path = CrummyMap.app; sourceTree = BUILT_PRODUCTS_DIR; };
		07B791B62697682400CCEA3D /* AppDelegate.swift */ = {isa = PBXFileReference; lastKnownFileType = sourcecode.swift; path = AppDelegate.swift; sourceTree = "<group>"; };
		07B791BA2697682400CCEA3D /* PlacesListViewController.swift */ = {isa = PBXFileReference; lastKnownFileType = sourcecode.swift; path = PlacesListViewController.swift; sourceTree = "<group>"; };
		07B791BF2697682600CCEA3D /* Assets.xcassets */ = {isa = PBXFileReference; lastKnownFileType = folder.assetcatalog; path = Assets.xcassets; sourceTree = "<group>"; };
		07B791C22697682600CCEA3D /* Base */ = {isa = PBXFileReference; lastKnownFileType = file.storyboard; name = Base; path = Base.lproj/LaunchScreen.storyboard; sourceTree = "<group>"; };
		07B791C42697682600CCEA3D /* Info.plist */ = {isa = PBXFileReference; lastKnownFileType = text.plist.xml; path = Info.plist; sourceTree = "<group>"; };
		07B791C92697682600CCEA3D /* CrummyMapTests.xctest */ = {isa = PBXFileReference; explicitFileType = wrapper.cfbundle; includeInIndex = 0; path = CrummyMapTests.xctest; sourceTree = BUILT_PRODUCTS_DIR; };
		07B791CD2697682700CCEA3D /* CrummyMapTests.swift */ = {isa = PBXFileReference; lastKnownFileType = sourcecode.swift; path = CrummyMapTests.swift; sourceTree = "<group>"; };
		07B791CF2697682700CCEA3D /* Info.plist */ = {isa = PBXFileReference; lastKnownFileType = text.plist.xml; path = Info.plist; sourceTree = "<group>"; };
		07B791D42697682700CCEA3D /* CrummyMapUITests.xctest */ = {isa = PBXFileReference; explicitFileType = wrapper.cfbundle; includeInIndex = 0; path = CrummyMapUITests.xctest; sourceTree = BUILT_PRODUCTS_DIR; };
		07B791D82697682700CCEA3D /* CrummyMapUITests.swift */ = {isa = PBXFileReference; lastKnownFileType = sourcecode.swift; path = CrummyMapUITests.swift; sourceTree = "<group>"; };
		07B791DA2697682700CCEA3D /* Info.plist */ = {isa = PBXFileReference; lastKnownFileType = text.plist.xml; path = Info.plist; sourceTree = "<group>"; };
		07B791F926976A1F00CCEA3D /* Coordinator.swift */ = {isa = PBXFileReference; lastKnownFileType = sourcecode.swift; path = Coordinator.swift; sourceTree = "<group>"; };
		07B7920126976A9500CCEA3D /* ViewControllerFactory.swift */ = {isa = PBXFileReference; lastKnownFileType = sourcecode.swift; path = ViewControllerFactory.swift; sourceTree = "<group>"; };
		07B7920626976B0200CCEA3D /* PlacesListPresenter.swift */ = {isa = PBXFileReference; lastKnownFileType = sourcecode.swift; path = PlacesListPresenter.swift; sourceTree = "<group>"; };
		07B7920B26976B0C00CCEA3D /* PlacesListContract.swift */ = {isa = PBXFileReference; lastKnownFileType = sourcecode.swift; path = PlacesListContract.swift; sourceTree = "<group>"; };
		07B7921026976B1700CCEA3D /* PlacesListView.swift */ = {isa = PBXFileReference; lastKnownFileType = sourcecode.swift; path = PlacesListView.swift; sourceTree = "<group>"; };
		07B7921826976B9100CCEA3D /* PlacesListCoordinator.swift */ = {isa = PBXFileReference; lastKnownFileType = sourcecode.swift; path = PlacesListCoordinator.swift; sourceTree = "<group>"; };
		07B792452697785900CCEA3D /* APIClient.swift */ = {isa = PBXFileReference; lastKnownFileType = sourcecode.swift; path = APIClient.swift; sourceTree = "<group>"; };
		07B7924B2697788200CCEA3D /* APIClientProtocol.swift */ = {isa = PBXFileReference; lastKnownFileType = sourcecode.swift; path = APIClientProtocol.swift; sourceTree = "<group>"; };
		07B792532697789600CCEA3D /* APIResponse.swift */ = {isa = PBXFileReference; lastKnownFileType = sourcecode.swift; path = APIResponse.swift; sourceTree = "<group>"; };
		07B79258269778A700CCEA3D /* APIError.swift */ = {isa = PBXFileReference; lastKnownFileType = sourcecode.swift; path = APIError.swift; sourceTree = "<group>"; };
		07B79263269778D300CCEA3D /* APIDecoder.swift */ = {isa = PBXFileReference; lastKnownFileType = sourcecode.swift; path = APIDecoder.swift; sourceTree = "<group>"; };
		07B79269269778F000CCEA3D /* Localizable.strings */ = {isa = PBXFileReference; lastKnownFileType = text.plist.strings; path = Localizable.strings; sourceTree = "<group>"; };
		07B792712697791700CCEA3D /* String+Extensions.swift */ = {isa = PBXFileReference; lastKnownFileType = sourcecode.swift; path = "String+Extensions.swift"; sourceTree = "<group>"; };
		07B7927A2697793800CCEA3D /* Place.swift */ = {isa = PBXFileReference; lastKnownFileType = sourcecode.swift; path = Place.swift; sourceTree = "<group>"; };
		07B7929126978C7400CCEA3D /* PlacesListTableViewCell.swift */ = {isa = PBXFileReference; lastKnownFileType = sourcecode.swift; path = PlacesListTableViewCell.swift; sourceTree = "<group>"; };
		07B7929E2697A11A00CCEA3D /* PlaceDetailView.swift */ = {isa = PBXFileReference; lastKnownFileType = sourcecode.swift; path = PlaceDetailView.swift; sourceTree = "<group>"; };
		07B792A32697A12600CCEA3D /* PlaceDetailViewController.swift */ = {isa = PBXFileReference; lastKnownFileType = sourcecode.swift; path = PlaceDetailViewController.swift; sourceTree = "<group>"; };
		07B792BA2697A6F900CCEA3D /* MultilineLabel.swift */ = {isa = PBXFileReference; lastKnownFileType = sourcecode.swift; path = MultilineLabel.swift; sourceTree = "<group>"; };
		07B792CD2697CA3300CCEA3D /* SearchBar.swift */ = {isa = PBXFileReference; lastKnownFileType = sourcecode.swift; path = SearchBar.swift; sourceTree = "<group>"; };
		07B792D62697CAA700CCEA3D /* TableView.swift */ = {isa = PBXFileReference; lastKnownFileType = sourcecode.swift; path = TableView.swift; sourceTree = "<group>"; };
		07B792E12697CE2F00CCEA3D /* ListPlaceholderStack.swift */ = {isa = PBXFileReference; lastKnownFileType = sourcecode.swift; path = ListPlaceholderStack.swift; sourceTree = "<group>"; };
/* End PBXFileReference section */

/* Begin PBXFrameworksBuildPhase section */
		07B791B02697682400CCEA3D /* Frameworks */ = {
			isa = PBXFrameworksBuildPhase;
			buildActionMask = 2147483647;
			files = (
			);
			runOnlyForDeploymentPostprocessing = 0;
		};
		07B791C62697682600CCEA3D /* Frameworks */ = {
			isa = PBXFrameworksBuildPhase;
			buildActionMask = 2147483647;
			files = (
			);
			runOnlyForDeploymentPostprocessing = 0;
		};
		07B791D12697682700CCEA3D /* Frameworks */ = {
			isa = PBXFrameworksBuildPhase;
			buildActionMask = 2147483647;
			files = (
			);
			runOnlyForDeploymentPostprocessing = 0;
		};
/* End PBXFrameworksBuildPhase section */

/* Begin PBXGroup section */
		07B791AA2697682400CCEA3D = {
			isa = PBXGroup;
			children = (
				07B791B52697682400CCEA3D /* CrummyMap */,
				07B791CC2697682700CCEA3D /* CrummyMapTests */,
				07B791D72697682700CCEA3D /* CrummyMapUITests */,
				07B791B42697682400CCEA3D /* Products */,
			);
			sourceTree = "<group>";
		};
		07B791B42697682400CCEA3D /* Products */ = {
			isa = PBXGroup;
			children = (
				07B791B32697682400CCEA3D /* CrummyMap.app */,
				07B791C92697682600CCEA3D /* CrummyMapTests.xctest */,
				07B791D42697682700CCEA3D /* CrummyMapUITests.xctest */,
			);
			name = Products;
			sourceTree = "<group>";
		};
		07B791B52697682400CCEA3D /* CrummyMap */ = {
			isa = PBXGroup;
			children = (
				07B7923D2697780A00CCEA3D /* API */,
				07B792B82697A6AC00CCEA3D /* Components */,
				07B79268269778E400CCEA3D /* Extensions */,
				07B792792697793100CCEA3D /* Models */,
				07B791F826976A1500CCEA3D /* Navigation */,
				07B791ED2697695100CCEA3D /* Scenes */,
				07B7923E2697781400CCEA3D /* SupportingFiles */,
			);
			path = CrummyMap;
			sourceTree = "<group>";
		};
		07B791CC2697682700CCEA3D /* CrummyMapTests */ = {
			isa = PBXGroup;
			children = (
				07B791CD2697682700CCEA3D /* CrummyMapTests.swift */,
				07B791CF2697682700CCEA3D /* Info.plist */,
			);
			path = CrummyMapTests;
			sourceTree = "<group>";
		};
		07B791D72697682700CCEA3D /* CrummyMapUITests */ = {
			isa = PBXGroup;
			children = (
				07B791D82697682700CCEA3D /* CrummyMapUITests.swift */,
				07B791DA2697682700CCEA3D /* Info.plist */,
			);
			path = CrummyMapUITests;
			sourceTree = "<group>";
		};
		07B791ED2697695100CCEA3D /* Scenes */ = {
			isa = PBXGroup;
			children = (
				07B791F12697697100CCEA3D /* PlaceDetail */,
				07B791F02697696900CCEA3D /* PlacesList */,
			);
			path = Scenes;
			sourceTree = "<group>";
		};
		07B791F02697696900CCEA3D /* PlacesList */ = {
			isa = PBXGroup;
			children = (
				07B7920B26976B0C00CCEA3D /* PlacesListContract.swift */,
				07B7921826976B9100CCEA3D /* PlacesListCoordinator.swift */,
				07B7920626976B0200CCEA3D /* PlacesListPresenter.swift */,
				07B7921026976B1700CCEA3D /* PlacesListView.swift */,
				07B791BA2697682400CCEA3D /* PlacesListViewController.swift */,
				07B7929126978C7400CCEA3D /* PlacesListTableViewCell.swift */,
			);
			path = PlacesList;
			sourceTree = "<group>";
		};
		07B791F12697697100CCEA3D /* PlaceDetail */ = {
			isa = PBXGroup;
			children = (
				07B7929E2697A11A00CCEA3D /* PlaceDetailView.swift */,
				07B792A32697A12600CCEA3D /* PlaceDetailViewController.swift */,
			);
			path = PlaceDetail;
			sourceTree = "<group>";
		};
		07B791F826976A1500CCEA3D /* Navigation */ = {
			isa = PBXGroup;
			children = (
				07B791F926976A1F00CCEA3D /* Coordinator.swift */,
				07B7920126976A9500CCEA3D /* ViewControllerFactory.swift */,
			);
			path = Navigation;
			sourceTree = "<group>";
		};
		07B7923D2697780A00CCEA3D /* API */ = {
			isa = PBXGroup;
			children = (
				07B792452697785900CCEA3D /* APIClient.swift */,
				07B79263269778D300CCEA3D /* APIDecoder.swift */,
				07B79258269778A700CCEA3D /* APIError.swift */,
				07B792532697789600CCEA3D /* APIResponse.swift */,
				07B7924A2697787600CCEA3D /* Protocols */,
			);
			path = API;
			sourceTree = "<group>";
		};
		07B7923E2697781400CCEA3D /* SupportingFiles */ = {
			isa = PBXGroup;
			children = (
				07B791C42697682600CCEA3D /* Info.plist */,
				07B791B62697682400CCEA3D /* AppDelegate.swift */,
				07B791BF2697682600CCEA3D /* Assets.xcassets */,
				07B791C12697682600CCEA3D /* LaunchScreen.storyboard */,
				07B79269269778F000CCEA3D /* Localizable.strings */,
			);
			path = SupportingFiles;
			sourceTree = "<group>";
		};
		07B7924A2697787600CCEA3D /* Protocols */ = {
			isa = PBXGroup;
			children = (
				07B7924B2697788200CCEA3D /* APIClientProtocol.swift */,
			);
			path = Protocols;
			sourceTree = "<group>";
		};
		07B79268269778E400CCEA3D /* Extensions */ = {
			isa = PBXGroup;
			children = (
				07B792712697791700CCEA3D /* String+Extensions.swift */,
				078062952697D03A00F55076 /* UIImage+Extensions.swift */,
			);
			path = Extensions;
			sourceTree = "<group>";
		};
		07B792792697793100CCEA3D /* Models */ = {
			isa = PBXGroup;
			children = (
				07B7927A2697793800CCEA3D /* Place.swift */,
			);
			path = Models;
			sourceTree = "<group>";
		};
		07B792B82697A6AC00CCEA3D /* Components */ = {
			isa = PBXGroup;
			children = (
				07B792B92697A6E700CCEA3D /* Labels */,
				07B792DB2697CBF100CCEA3D /* SearchBars */,
				07B792E02697CE1000CCEA3D /* Stacks */,
				07B792DC2697CBF700CCEA3D /* TableViews */,
			);
			path = Components;
			sourceTree = "<group>";
		};
		07B792B92697A6E700CCEA3D /* Labels */ = {
			isa = PBXGroup;
			children = (
				07B792BA2697A6F900CCEA3D /* MultilineLabel.swift */,
			);
			path = Labels;
			sourceTree = "<group>";
		};
		07B792DB2697CBF100CCEA3D /* SearchBars */ = {
			isa = PBXGroup;
			children = (
				07B792CD2697CA3300CCEA3D /* SearchBar.swift */,
			);
			path = SearchBars;
			sourceTree = "<group>";
		};
		07B792DC2697CBF700CCEA3D /* TableViews */ = {
			isa = PBXGroup;
			children = (
				07B792D62697CAA700CCEA3D /* TableView.swift */,
			);
			path = TableViews;
			sourceTree = "<group>";
		};
		07B792E02697CE1000CCEA3D /* Stacks */ = {
			isa = PBXGroup;
			children = (
				07B792E12697CE2F00CCEA3D /* ListPlaceholderStack.swift */,
			);
			path = Stacks;
			sourceTree = "<group>";
		};
/* End PBXGroup section */

/* Begin PBXNativeTarget section */
		07B791B22697682400CCEA3D /* CrummyMap */ = {
			isa = PBXNativeTarget;
			buildConfigurationList = 07B791DD2697682700CCEA3D /* Build configuration list for PBXNativeTarget "CrummyMap" */;
			buildPhases = (
				07B791AF2697682400CCEA3D /* Sources */,
				07B791B02697682400CCEA3D /* Frameworks */,
				07B791B12697682400CCEA3D /* Resources */,
			);
			buildRules = (
			);
			dependencies = (
			);
			name = CrummyMap;
			productName = CrummyMap;
			productReference = 07B791B32697682400CCEA3D /* CrummyMap.app */;
			productType = "com.apple.product-type.application";
		};
		07B791C82697682600CCEA3D /* CrummyMapTests */ = {
			isa = PBXNativeTarget;
			buildConfigurationList = 07B791E02697682700CCEA3D /* Build configuration list for PBXNativeTarget "CrummyMapTests" */;
			buildPhases = (
				07B791C52697682600CCEA3D /* Sources */,
				07B791C62697682600CCEA3D /* Frameworks */,
				07B791C72697682600CCEA3D /* Resources */,
			);
			buildRules = (
			);
			dependencies = (
				07B791CB2697682700CCEA3D /* PBXTargetDependency */,
			);
			name = CrummyMapTests;
			productName = CrummyMapTests;
			productReference = 07B791C92697682600CCEA3D /* CrummyMapTests.xctest */;
			productType = "com.apple.product-type.bundle.unit-test";
		};
		07B791D32697682700CCEA3D /* CrummyMapUITests */ = {
			isa = PBXNativeTarget;
			buildConfigurationList = 07B791E32697682700CCEA3D /* Build configuration list for PBXNativeTarget "CrummyMapUITests" */;
			buildPhases = (
				07B791D02697682700CCEA3D /* Sources */,
				07B791D12697682700CCEA3D /* Frameworks */,
				07B791D22697682700CCEA3D /* Resources */,
			);
			buildRules = (
			);
			dependencies = (
				07B791D62697682700CCEA3D /* PBXTargetDependency */,
			);
			name = CrummyMapUITests;
			productName = CrummyMapUITests;
			productReference = 07B791D42697682700CCEA3D /* CrummyMapUITests.xctest */;
			productType = "com.apple.product-type.bundle.ui-testing";
		};
/* End PBXNativeTarget section */

/* Begin PBXProject section */
		07B791AB2697682400CCEA3D /* Project object */ = {
			isa = PBXProject;
			attributes = {
				LastSwiftUpdateCheck = 1240;
				LastUpgradeCheck = 1240;
				TargetAttributes = {
					07B791B22697682400CCEA3D = {
						CreatedOnToolsVersion = 12.4;
					};
					07B791C82697682600CCEA3D = {
						CreatedOnToolsVersion = 12.4;
						TestTargetID = 07B791B22697682400CCEA3D;
					};
					07B791D32697682700CCEA3D = {
						CreatedOnToolsVersion = 12.4;
						TestTargetID = 07B791B22697682400CCEA3D;
					};
				};
			};
			buildConfigurationList = 07B791AE2697682400CCEA3D /* Build configuration list for PBXProject "CrummyMap" */;
			compatibilityVersion = "Xcode 9.3";
			developmentRegion = en;
			hasScannedForEncodings = 0;
			knownRegions = (
				en,
				Base,
			);
			mainGroup = 07B791AA2697682400CCEA3D;
			productRefGroup = 07B791B42697682400CCEA3D /* Products */;
			projectDirPath = "";
			projectRoot = "";
			targets = (
				07B791B22697682400CCEA3D /* CrummyMap */,
				07B791C82697682600CCEA3D /* CrummyMapTests */,
				07B791D32697682700CCEA3D /* CrummyMapUITests */,
			);
		};
/* End PBXProject section */

/* Begin PBXResourcesBuildPhase section */
		07B791B12697682400CCEA3D /* Resources */ = {
			isa = PBXResourcesBuildPhase;
			buildActionMask = 2147483647;
			files = (
				07B791C32697682600CCEA3D /* LaunchScreen.storyboard in Resources */,
				07B7926A269778F000CCEA3D /* Localizable.strings in Resources */,
				07B791C02697682600CCEA3D /* Assets.xcassets in Resources */,
			);
			runOnlyForDeploymentPostprocessing = 0;
		};
		07B791C72697682600CCEA3D /* Resources */ = {
			isa = PBXResourcesBuildPhase;
			buildActionMask = 2147483647;
			files = (
			);
			runOnlyForDeploymentPostprocessing = 0;
		};
		07B791D22697682700CCEA3D /* Resources */ = {
			isa = PBXResourcesBuildPhase;
			buildActionMask = 2147483647;
			files = (
			);
			runOnlyForDeploymentPostprocessing = 0;
		};
/* End PBXResourcesBuildPhase section */

/* Begin PBXSourcesBuildPhase section */
		07B791AF2697682400CCEA3D /* Sources */ = {
			isa = PBXSourcesBuildPhase;
			buildActionMask = 2147483647;
			files = (
				07B7920726976B0200CCEA3D /* PlacesListPresenter.swift in Sources */,
				07B791FA26976A1F00CCEA3D /* Coordinator.swift in Sources */,
				07B7920226976A9500CCEA3D /* ViewControllerFactory.swift in Sources */,
				07B791BB2697682400CCEA3D /* PlacesListViewController.swift in Sources */,
				07B791B72697682400CCEA3D /* AppDelegate.swift in Sources */,
				07B79259269778A700CCEA3D /* APIError.swift in Sources */,
				07B792542697789600CCEA3D /* APIResponse.swift in Sources */,
				07B7921126976B1700CCEA3D /* PlacesListView.swift in Sources */,
				07B792722697791700CCEA3D /* String+Extensions.swift in Sources */,
				07B792A42697A12600CCEA3D /* PlaceDetailViewController.swift in Sources */,
				07B792D72697CAA700CCEA3D /* TableView.swift in Sources */,
				07B792BB2697A6F900CCEA3D /* MultilineLabel.swift in Sources */,
				07B792E22697CE2F00CCEA3D /* ListPlaceholderStack.swift in Sources */,
				07B7927B2697793800CCEA3D /* Place.swift in Sources */,
				078062962697D03A00F55076 /* UIImage+Extensions.swift in Sources */,
				07B7921926976B9100CCEA3D /* PlacesListCoordinator.swift in Sources */,
				07B79264269778D300CCEA3D /* APIDecoder.swift in Sources */,
				07B7929F2697A11A00CCEA3D /* PlaceDetailView.swift in Sources */,
				07B7924C2697788200CCEA3D /* APIClientProtocol.swift in Sources */,
				07B7920C26976B0C00CCEA3D /* PlacesListContract.swift in Sources */,
				07B792CE2697CA3300CCEA3D /* SearchBar.swift in Sources */,
				07B792462697785900CCEA3D /* APIClient.swift in Sources */,
				07B7929226978C7400CCEA3D /* PlacesListTableViewCell.swift in Sources */,
			);
			runOnlyForDeploymentPostprocessing = 0;
		};
		07B791C52697682600CCEA3D /* Sources */ = {
			isa = PBXSourcesBuildPhase;
			buildActionMask = 2147483647;
			files = (
				07B791CE2697682700CCEA3D /* CrummyMapTests.swift in Sources */,
			);
			runOnlyForDeploymentPostprocessing = 0;
		};
		07B791D02697682700CCEA3D /* Sources */ = {
			isa = PBXSourcesBuildPhase;
			buildActionMask = 2147483647;
			files = (
				07B791D92697682700CCEA3D /* CrummyMapUITests.swift in Sources */,
			);
			runOnlyForDeploymentPostprocessing = 0;
		};
/* End PBXSourcesBuildPhase section */

/* Begin PBXTargetDependency section */
		07B791CB2697682700CCEA3D /* PBXTargetDependency */ = {
			isa = PBXTargetDependency;
			target = 07B791B22697682400CCEA3D /* CrummyMap */;
			targetProxy = 07B791CA2697682700CCEA3D /* PBXContainerItemProxy */;
		};
		07B791D62697682700CCEA3D /* PBXTargetDependency */ = {
			isa = PBXTargetDependency;
			target = 07B791B22697682400CCEA3D /* CrummyMap */;
			targetProxy = 07B791D52697682700CCEA3D /* PBXContainerItemProxy */;
		};
/* End PBXTargetDependency section */

/* Begin PBXVariantGroup section */
		07B791C12697682600CCEA3D /* LaunchScreen.storyboard */ = {
			isa = PBXVariantGroup;
			children = (
				07B791C22697682600CCEA3D /* Base */,
			);
			name = LaunchScreen.storyboard;
			sourceTree = "<group>";
		};
/* End PBXVariantGroup section */

/* Begin XCBuildConfiguration section */
		07B791DB2697682700CCEA3D /* Debug */ = {
			isa = XCBuildConfiguration;
			buildSettings = {
				ALWAYS_SEARCH_USER_PATHS = NO;
				CLANG_ANALYZER_NONNULL = YES;
				CLANG_ANALYZER_NUMBER_OBJECT_CONVERSION = YES_AGGRESSIVE;
				CLANG_CXX_LANGUAGE_STANDARD = "gnu++14";
				CLANG_CXX_LIBRARY = "libc++";
				CLANG_ENABLE_MODULES = YES;
				CLANG_ENABLE_OBJC_ARC = YES;
				CLANG_ENABLE_OBJC_WEAK = YES;
				CLANG_WARN_BLOCK_CAPTURE_AUTORELEASING = YES;
				CLANG_WARN_BOOL_CONVERSION = YES;
				CLANG_WARN_COMMA = YES;
				CLANG_WARN_CONSTANT_CONVERSION = YES;
				CLANG_WARN_DEPRECATED_OBJC_IMPLEMENTATIONS = YES;
				CLANG_WARN_DIRECT_OBJC_ISA_USAGE = YES_ERROR;
				CLANG_WARN_DOCUMENTATION_COMMENTS = YES;
				CLANG_WARN_EMPTY_BODY = YES;
				CLANG_WARN_ENUM_CONVERSION = YES;
				CLANG_WARN_INFINITE_RECURSION = YES;
				CLANG_WARN_INT_CONVERSION = YES;
				CLANG_WARN_NON_LITERAL_NULL_CONVERSION = YES;
				CLANG_WARN_OBJC_IMPLICIT_RETAIN_SELF = YES;
				CLANG_WARN_OBJC_LITERAL_CONVERSION = YES;
				CLANG_WARN_OBJC_ROOT_CLASS = YES_ERROR;
				CLANG_WARN_QUOTED_INCLUDE_IN_FRAMEWORK_HEADER = YES;
				CLANG_WARN_RANGE_LOOP_ANALYSIS = YES;
				CLANG_WARN_STRICT_PROTOTYPES = YES;
				CLANG_WARN_SUSPICIOUS_MOVE = YES;
				CLANG_WARN_UNGUARDED_AVAILABILITY = YES_AGGRESSIVE;
				CLANG_WARN_UNREACHABLE_CODE = YES;
				CLANG_WARN__DUPLICATE_METHOD_MATCH = YES;
				COPY_PHASE_STRIP = NO;
				DEBUG_INFORMATION_FORMAT = dwarf;
				ENABLE_STRICT_OBJC_MSGSEND = YES;
				ENABLE_TESTABILITY = YES;
				GCC_C_LANGUAGE_STANDARD = gnu11;
				GCC_DYNAMIC_NO_PIC = NO;
				GCC_NO_COMMON_BLOCKS = YES;
				GCC_OPTIMIZATION_LEVEL = 0;
				GCC_PREPROCESSOR_DEFINITIONS = (
					"DEBUG=1",
					"$(inherited)",
				);
				GCC_WARN_64_TO_32_BIT_CONVERSION = YES;
				GCC_WARN_ABOUT_RETURN_TYPE = YES_ERROR;
				GCC_WARN_UNDECLARED_SELECTOR = YES;
				GCC_WARN_UNINITIALIZED_AUTOS = YES_AGGRESSIVE;
				GCC_WARN_UNUSED_FUNCTION = YES;
				GCC_WARN_UNUSED_VARIABLE = YES;
				IPHONEOS_DEPLOYMENT_TARGET = 14.4;
				MTL_ENABLE_DEBUG_INFO = INCLUDE_SOURCE;
				MTL_FAST_MATH = YES;
				ONLY_ACTIVE_ARCH = YES;
				SDKROOT = iphoneos;
				SWIFT_ACTIVE_COMPILATION_CONDITIONS = DEBUG;
				SWIFT_OPTIMIZATION_LEVEL = "-Onone";
			};
			name = Debug;
		};
		07B791DC2697682700CCEA3D /* Release */ = {
			isa = XCBuildConfiguration;
			buildSettings = {
				ALWAYS_SEARCH_USER_PATHS = NO;
				CLANG_ANALYZER_NONNULL = YES;
				CLANG_ANALYZER_NUMBER_OBJECT_CONVERSION = YES_AGGRESSIVE;
				CLANG_CXX_LANGUAGE_STANDARD = "gnu++14";
				CLANG_CXX_LIBRARY = "libc++";
				CLANG_ENABLE_MODULES = YES;
				CLANG_ENABLE_OBJC_ARC = YES;
				CLANG_ENABLE_OBJC_WEAK = YES;
				CLANG_WARN_BLOCK_CAPTURE_AUTORELEASING = YES;
				CLANG_WARN_BOOL_CONVERSION = YES;
				CLANG_WARN_COMMA = YES;
				CLANG_WARN_CONSTANT_CONVERSION = YES;
				CLANG_WARN_DEPRECATED_OBJC_IMPLEMENTATIONS = YES;
				CLANG_WARN_DIRECT_OBJC_ISA_USAGE = YES_ERROR;
				CLANG_WARN_DOCUMENTATION_COMMENTS = YES;
				CLANG_WARN_EMPTY_BODY = YES;
				CLANG_WARN_ENUM_CONVERSION = YES;
				CLANG_WARN_INFINITE_RECURSION = YES;
				CLANG_WARN_INT_CONVERSION = YES;
				CLANG_WARN_NON_LITERAL_NULL_CONVERSION = YES;
				CLANG_WARN_OBJC_IMPLICIT_RETAIN_SELF = YES;
				CLANG_WARN_OBJC_LITERAL_CONVERSION = YES;
				CLANG_WARN_OBJC_ROOT_CLASS = YES_ERROR;
				CLANG_WARN_QUOTED_INCLUDE_IN_FRAMEWORK_HEADER = YES;
				CLANG_WARN_RANGE_LOOP_ANALYSIS = YES;
				CLANG_WARN_STRICT_PROTOTYPES = YES;
				CLANG_WARN_SUSPICIOUS_MOVE = YES;
				CLANG_WARN_UNGUARDED_AVAILABILITY = YES_AGGRESSIVE;
				CLANG_WARN_UNREACHABLE_CODE = YES;
				CLANG_WARN__DUPLICATE_METHOD_MATCH = YES;
				COPY_PHASE_STRIP = NO;
				DEBUG_INFORMATION_FORMAT = "dwarf-with-dsym";
				ENABLE_NS_ASSERTIONS = NO;
				ENABLE_STRICT_OBJC_MSGSEND = YES;
				GCC_C_LANGUAGE_STANDARD = gnu11;
				GCC_NO_COMMON_BLOCKS = YES;
				GCC_WARN_64_TO_32_BIT_CONVERSION = YES;
				GCC_WARN_ABOUT_RETURN_TYPE = YES_ERROR;
				GCC_WARN_UNDECLARED_SELECTOR = YES;
				GCC_WARN_UNINITIALIZED_AUTOS = YES_AGGRESSIVE;
				GCC_WARN_UNUSED_FUNCTION = YES;
				GCC_WARN_UNUSED_VARIABLE = YES;
				IPHONEOS_DEPLOYMENT_TARGET = 14.4;
				MTL_ENABLE_DEBUG_INFO = NO;
				MTL_FAST_MATH = YES;
				SDKROOT = iphoneos;
				SWIFT_COMPILATION_MODE = wholemodule;
				SWIFT_OPTIMIZATION_LEVEL = "-O";
				VALIDATE_PRODUCT = YES;
			};
			name = Release;
		};
		07B791DE2697682700CCEA3D /* Debug */ = {
			isa = XCBuildConfiguration;
			buildSettings = {
				ASSETCATALOG_COMPILER_APPICON_NAME = AppIcon;
				ASSETCATALOG_COMPILER_GLOBAL_ACCENT_COLOR_NAME = AccentColor;
				CODE_SIGN_STYLE = Automatic;
				DEVELOPMENT_TEAM = 2ZW86QRWD4;
				INFOPLIST_FILE = CrummyMap/SupportingFiles/Info.plist;
				LD_RUNPATH_SEARCH_PATHS = (
					"$(inherited)",
					"@executable_path/Frameworks",
				);
				PRODUCT_BUNDLE_IDENTIFIER = lucas.tomasi.CrummyMap;
				PRODUCT_NAME = "$(TARGET_NAME)";
				SWIFT_VERSION = 5.0;
				TARGETED_DEVICE_FAMILY = "1,2";
			};
			name = Debug;
		};
		07B791DF2697682700CCEA3D /* Release */ = {
			isa = XCBuildConfiguration;
			buildSettings = {
				ASSETCATALOG_COMPILER_APPICON_NAME = AppIcon;
				ASSETCATALOG_COMPILER_GLOBAL_ACCENT_COLOR_NAME = AccentColor;
				CODE_SIGN_STYLE = Automatic;
				DEVELOPMENT_TEAM = 2ZW86QRWD4;
				INFOPLIST_FILE = CrummyMap/SupportingFiles/Info.plist;
				LD_RUNPATH_SEARCH_PATHS = (
					"$(inherited)",
					"@executable_path/Frameworks",
				);
				PRODUCT_BUNDLE_IDENTIFIER = lucas.tomasi.CrummyMap;
				PRODUCT_NAME = "$(TARGET_NAME)";
				SWIFT_VERSION = 5.0;
				TARGETED_DEVICE_FAMILY = "1,2";
			};
			name = Release;
		};
		07B791E12697682700CCEA3D /* Debug */ = {
			isa = XCBuildConfiguration;
			buildSettings = {
				ALWAYS_EMBED_SWIFT_STANDARD_LIBRARIES = YES;
				BUNDLE_LOADER = "$(TEST_HOST)";
				CODE_SIGN_STYLE = Automatic;
				DEVELOPMENT_TEAM = 2ZW86QRWD4;
				INFOPLIST_FILE = CrummyMapTests/Info.plist;
				IPHONEOS_DEPLOYMENT_TARGET = 14.4;
				LD_RUNPATH_SEARCH_PATHS = (
					"$(inherited)",
					"@executable_path/Frameworks",
					"@loader_path/Frameworks",
				);
				PRODUCT_BUNDLE_IDENTIFIER = lucas.tomasi.CrummyMapTests;
				PRODUCT_NAME = "$(TARGET_NAME)";
				SWIFT_VERSION = 5.0;
				TARGETED_DEVICE_FAMILY = "1,2";
				TEST_HOST = "$(BUILT_PRODUCTS_DIR)/CrummyMap.app/CrummyMap";
			};
			name = Debug;
		};
		07B791E22697682700CCEA3D /* Release */ = {
			isa = XCBuildConfiguration;
			buildSettings = {
				ALWAYS_EMBED_SWIFT_STANDARD_LIBRARIES = YES;
				BUNDLE_LOADER = "$(TEST_HOST)";
				CODE_SIGN_STYLE = Automatic;
				DEVELOPMENT_TEAM = 2ZW86QRWD4;
				INFOPLIST_FILE = CrummyMapTests/Info.plist;
				IPHONEOS_DEPLOYMENT_TARGET = 14.4;
				LD_RUNPATH_SEARCH_PATHS = (
					"$(inherited)",
					"@executable_path/Frameworks",
					"@loader_path/Frameworks",
				);
				PRODUCT_BUNDLE_IDENTIFIER = lucas.tomasi.CrummyMapTests;
				PRODUCT_NAME = "$(TARGET_NAME)";
				SWIFT_VERSION = 5.0;
				TARGETED_DEVICE_FAMILY = "1,2";
				TEST_HOST = "$(BUILT_PRODUCTS_DIR)/CrummyMap.app/CrummyMap";
			};
			name = Release;
		};
		07B791E42697682700CCEA3D /* Debug */ = {
			isa = XCBuildConfiguration;
			buildSettings = {
				ALWAYS_EMBED_SWIFT_STANDARD_LIBRARIES = YES;
				CODE_SIGN_STYLE = Automatic;
				DEVELOPMENT_TEAM = 2ZW86QRWD4;
				INFOPLIST_FILE = CrummyMapUITests/Info.plist;
				LD_RUNPATH_SEARCH_PATHS = (
					"$(inherited)",
					"@executable_path/Frameworks",
					"@loader_path/Frameworks",
				);
				PRODUCT_BUNDLE_IDENTIFIER = lucas.tomasi.CrummyMapUITests;
				PRODUCT_NAME = "$(TARGET_NAME)";
				SWIFT_VERSION = 5.0;
				TARGETED_DEVICE_FAMILY = "1,2";
				TEST_TARGET_NAME = CrummyMap;
			};
			name = Debug;
		};
		07B791E52697682700CCEA3D /* Release */ = {
			isa = XCBuildConfiguration;
			buildSettings = {
				ALWAYS_EMBED_SWIFT_STANDARD_LIBRARIES = YES;
				CODE_SIGN_STYLE = Automatic;
				DEVELOPMENT_TEAM = 2ZW86QRWD4;
				INFOPLIST_FILE = CrummyMapUITests/Info.plist;
				LD_RUNPATH_SEARCH_PATHS = (
					"$(inherited)",
					"@executable_path/Frameworks",
					"@loader_path/Frameworks",
				);
				PRODUCT_BUNDLE_IDENTIFIER = lucas.tomasi.CrummyMapUITests;
				PRODUCT_NAME = "$(TARGET_NAME)";
				SWIFT_VERSION = 5.0;
				TARGETED_DEVICE_FAMILY = "1,2";
				TEST_TARGET_NAME = CrummyMap;
			};
			name = Release;
		};
/* End XCBuildConfiguration section */

/* Begin XCConfigurationList section */
		07B791AE2697682400CCEA3D /* Build configuration list for PBXProject "CrummyMap" */ = {
			isa = XCConfigurationList;
			buildConfigurations = (
				07B791DB2697682700CCEA3D /* Debug */,
				07B791DC2697682700CCEA3D /* Release */,
			);
			defaultConfigurationIsVisible = 0;
			defaultConfigurationName = Release;
		};
		07B791DD2697682700CCEA3D /* Build configuration list for PBXNativeTarget "CrummyMap" */ = {
			isa = XCConfigurationList;
			buildConfigurations = (
				07B791DE2697682700CCEA3D /* Debug */,
				07B791DF2697682700CCEA3D /* Release */,
			);
			defaultConfigurationIsVisible = 0;
			defaultConfigurationName = Release;
		};
		07B791E02697682700CCEA3D /* Build configuration list for PBXNativeTarget "CrummyMapTests" */ = {
			isa = XCConfigurationList;
			buildConfigurations = (
				07B791E12697682700CCEA3D /* Debug */,
				07B791E22697682700CCEA3D /* Release */,
			);
			defaultConfigurationIsVisible = 0;
			defaultConfigurationName = Release;
		};
		07B791E32697682700CCEA3D /* Build configuration list for PBXNativeTarget "CrummyMapUITests" */ = {
			isa = XCConfigurationList;
			buildConfigurations = (
				07B791E42697682700CCEA3D /* Debug */,
				07B791E52697682700CCEA3D /* Release */,
			);
			defaultConfigurationIsVisible = 0;
			defaultConfigurationName = Release;
		};
/* End XCConfigurationList section */
	};
	rootObject = 07B791AB2697682400CCEA3D /* Project object */;
}
